%{"deferred_config": {:hex, :deferred_config, "0.1.1", "ec912e9ee3c99b90a8d4bdec8fbd15309f4bd6729f30789e0ff6f595d06bbce5", [:mix], [], "hexpm"},
  "earmark": {:hex, :earmark, "1.2.3", "206eb2e2ac1a794aa5256f3982de7a76bf4579ff91cb28d0e17ea2c9491e46a4", [:mix], [], "hexpm"},
  "ex_doc": {:hex, :ex_doc, "0.18.1", "37c69d2ef62f24928c1f4fdc7c724ea04aecfdf500c4329185f8e3649c915baf", [:mix], [{:earmark, "~> 1.1", [hex: :earmark, repo: "hexpm", optional: false]}], "hexpm"},
  "meck": {:hex, :meck, "0.8.8", "eeb3efe811d4346e1a7f65b2738abc2ad73cbe1a2c91b5dd909bac2ea0414fa6", [], [], "hexpm"},
  "mock": {:hex, :mock, "0.2.1", "bfdba786903e77f9c18772dee472d020ceb8ef000783e737725a4c8f54ad28ec", [], [{:meck, "~> 0.8.2", [hex: :meck, repo: "hexpm", optional: false]}], "hexpm"},
  "peerage": {:hex, :peerage, "1.0.2", "43417cae92ca93fa3065194f5c6cb0b3df2214b2009128e470482563402cc9e5", [:mix], [{:deferred_config, "~> 0.1.1", [hex: :deferred_config, repo: "hexpm", optional: false]}], "hexpm"}}
